// !$*UTF8*$!
{
	archiveVersion = 1;
	classes = {
	};
	objectVersion = 46;
	objects = {

/* Begin PBXBuildFile section */
		5265BE691E339C580007CDCD /* AppDelegate.swift in Sources */ = {isa = PBXBuildFile; fileRef = 5265BE681E339C580007CDCD /* AppDelegate.swift */; };
		5265BE6B1E339C580007CDCD /* Fact.swift in Sources */ = {isa = PBXBuildFile; fileRef = 5265BE6A1E339C580007CDCD /* Fact.swift */; };
		5265BE6E1E339C580007CDCD /* Main.storyboard in Resources */ = {isa = PBXBuildFile; fileRef = 5265BE6C1E339C580007CDCD /* Main.storyboard */; };
		5265BE701E339C580007CDCD /* Assets.xcassets in Resources */ = {isa = PBXBuildFile; fileRef = 5265BE6F1E339C580007CDCD /* Assets.xcassets */; };
		5265BE731E339C580007CDCD /* LaunchScreen.storyboard in Resources */ = {isa = PBXBuildFile; fileRef = 5265BE711E339C580007CDCD /* LaunchScreen.storyboard */; };
		5265BE7D1E33AD210007CDCD /* Utils.swift in Sources */ = {isa = PBXBuildFile; fileRef = 5265BE7C1E33AD210007CDCD /* Utils.swift */; };
		5265BE7F1E33AD460007CDCD /* Constants.swift in Sources */ = {isa = PBXBuildFile; fileRef = 5265BE7E1E33AD460007CDCD /* Constants.swift */; };
		5265BE811E33AEA30007CDCD /* Extensions.swift in Sources */ = {isa = PBXBuildFile; fileRef = 5265BE801E33AEA30007CDCD /* Extensions.swift */; };
		5265BE8C1E33AF150007CDCD /* GothamProBlack.ttf in Resources */ = {isa = PBXBuildFile; fileRef = 5265BE831E33AF150007CDCD /* GothamProBlack.ttf */; };
		5265BE8D1E33AF150007CDCD /* GothamProBold.ttf in Resources */ = {isa = PBXBuildFile; fileRef = 5265BE841E33AF150007CDCD /* GothamProBold.ttf */; };
		5265BE8E1E33AF150007CDCD /* GothamProMedium.ttf in Resources */ = {isa = PBXBuildFile; fileRef = 5265BE851E33AF150007CDCD /* GothamProMedium.ttf */; };
		5265BE8F1E33AF150007CDCD /* GothamProRegular.ttf in Resources */ = {isa = PBXBuildFile; fileRef = 5265BE861E33AF150007CDCD /* GothamProRegular.ttf */; };
		527575A3212055D3001336B3 /* FactlyUITests.swift in Sources */ = {isa = PBXBuildFile; fileRef = 527575A2212055D3001336B3 /* FactlyUITests.swift */; };
		527575AE212063BB001336B3 /* SnapshotHelper.swift in Sources */ = {isa = PBXBuildFile; fileRef = 527575AD212063BA001336B3 /* SnapshotHelper.swift */; };
		62613F8042AD45311DE5688A /* Pods_Factly.framework in Frameworks */ = {isa = PBXBuildFile; fileRef = 4A90674582B57AA2181E988B /* Pods_Factly.framework */; };
		927FC3F1CD837EFBD58BAB06 /* Pods_Factly.framework in Frameworks */ = {isa = PBXBuildFile; fileRef = D91BC6D52E3CFC23A0DEA4B4 /* Pods_Factly.framework */; };
/* End PBXBuildFile section */

/* Begin PBXContainerItemProxy section */
		527575A5212055D4001336B3 /* PBXContainerItemProxy */ = {
			isa = PBXContainerItemProxy;
			containerPortal = 5265BE5D1E339C570007CDCD /* Project object */;
			proxyType = 1;
			remoteGlobalIDString = 5265BE641E339C580007CDCD;
			remoteInfo = Factly;
		};
/* End PBXContainerItemProxy section */

/* Begin PBXFileReference section */
		4A90674582B57AA2181E988B /* Pods_Factly.framework */ = {isa = PBXFileReference; explicitFileType = wrapper.framework; includeInIndex = 0; path = Pods_Factly.framework; sourceTree = BUILT_PRODUCTS_DIR; };
		5265BE651E339C580007CDCD /* Factly.app */ = {isa = PBXFileReference; explicitFileType = wrapper.application; includeInIndex = 0; path = Factly.app; sourceTree = BUILT_PRODUCTS_DIR; };
		5265BE681E339C580007CDCD /* AppDelegate.swift */ = {isa = PBXFileReference; lastKnownFileType = sourcecode.swift; path = AppDelegate.swift; sourceTree = "<group>"; };
		5265BE6A1E339C580007CDCD /* Fact.swift */ = {isa = PBXFileReference; lastKnownFileType = sourcecode.swift; path = Fact.swift; sourceTree = "<group>"; };
		5265BE6D1E339C580007CDCD /* Base */ = {isa = PBXFileReference; lastKnownFileType = file.storyboard; name = Base; path = Base.lproj/Main.storyboard; sourceTree = "<group>"; };
		5265BE6F1E339C580007CDCD /* Assets.xcassets */ = {isa = PBXFileReference; lastKnownFileType = folder.assetcatalog; path = Assets.xcassets; sourceTree = "<group>"; };
		5265BE721E339C580007CDCD /* Base */ = {isa = PBXFileReference; lastKnownFileType = file.storyboard; name = Base; path = Base.lproj/LaunchScreen.storyboard; sourceTree = "<group>"; };
		5265BE741E339C580007CDCD /* Info.plist */ = {isa = PBXFileReference; lastKnownFileType = text.plist.xml; path = Info.plist; sourceTree = "<group>"; };
		5265BE7C1E33AD210007CDCD /* Utils.swift */ = {isa = PBXFileReference; fileEncoding = 4; lastKnownFileType = sourcecode.swift; path = Utils.swift; sourceTree = "<group>"; };
		5265BE7E1E33AD460007CDCD /* Constants.swift */ = {isa = PBXFileReference; fileEncoding = 4; lastKnownFileType = sourcecode.swift; path = Constants.swift; sourceTree = "<group>"; };
		5265BE801E33AEA30007CDCD /* Extensions.swift */ = {isa = PBXFileReference; fileEncoding = 4; lastKnownFileType = sourcecode.swift; path = Extensions.swift; sourceTree = "<group>"; };
		5265BE831E33AF150007CDCD /* GothamProBlack.ttf */ = {isa = PBXFileReference; lastKnownFileType = file; path = GothamProBlack.ttf; sourceTree = "<group>"; };
		5265BE841E33AF150007CDCD /* GothamProBold.ttf */ = {isa = PBXFileReference; lastKnownFileType = file; path = GothamProBold.ttf; sourceTree = "<group>"; };
		5265BE851E33AF150007CDCD /* GothamProMedium.ttf */ = {isa = PBXFileReference; lastKnownFileType = file; path = GothamProMedium.ttf; sourceTree = "<group>"; };
		5265BE861E33AF150007CDCD /* GothamProRegular.ttf */ = {isa = PBXFileReference; lastKnownFileType = file; path = GothamProRegular.ttf; sourceTree = "<group>"; };
		527575A0212055D3001336B3 /* FactlyUITests.xctest */ = {isa = PBXFileReference; explicitFileType = wrapper.cfbundle; includeInIndex = 0; path = FactlyUITests.xctest; sourceTree = BUILT_PRODUCTS_DIR; };
		527575A2212055D3001336B3 /* FactlyUITests.swift */ = {isa = PBXFileReference; lastKnownFileType = sourcecode.swift; path = FactlyUITests.swift; sourceTree = "<group>"; };
		527575A4212055D4001336B3 /* Info.plist */ = {isa = PBXFileReference; lastKnownFileType = text.plist.xml; path = Info.plist; sourceTree = "<group>"; };
		527575AD212063BA001336B3 /* SnapshotHelper.swift */ = {isa = PBXFileReference; fileEncoding = 4; lastKnownFileType = sourcecode.swift; path = SnapshotHelper.swift; sourceTree = "<group>"; };
		81CE0C0712941C3CBF54BD72 /* Pods-Factly.debug.xcconfig */ = {isa = PBXFileReference; includeInIndex = 1; lastKnownFileType = text.xcconfig; name = "Pods-Factly.debug.xcconfig"; path = "Pods/Target Support Files/Pods-Factly/Pods-Factly.debug.xcconfig"; sourceTree = "<group>"; };
		B0AC00D0CAFEFF75CAB3F87B /* Pods-Factly.release.xcconfig */ = {isa = PBXFileReference; includeInIndex = 1; lastKnownFileType = text.xcconfig; name = "Pods-Factly.release.xcconfig"; path = "Pods/Target Support Files/Pods-Factly/Pods-Factly.release.xcconfig"; sourceTree = "<group>"; };
		D91BC6D52E3CFC23A0DEA4B4 /* Pods_Factly.framework */ = {isa = PBXFileReference; explicitFileType = wrapper.framework; includeInIndex = 0; path = Pods_Factly.framework; sourceTree = BUILT_PRODUCTS_DIR; };
/* End PBXFileReference section */

/* Begin PBXFrameworksBuildPhase section */
		5265BE621E339C580007CDCD /* Frameworks */ = {
			isa = PBXFrameworksBuildPhase;
			buildActionMask = 2147483647;
			files = (
				62613F8042AD45311DE5688A /* Pods_Factly.framework in Frameworks */,
				927FC3F1CD837EFBD58BAB06 /* Pods_Factly.framework in Frameworks */,
			);
			runOnlyForDeploymentPostprocessing = 0;
		};
		5275759D212055D3001336B3 /* Frameworks */ = {
			isa = PBXFrameworksBuildPhase;
			buildActionMask = 2147483647;
			files = (
			);
			runOnlyForDeploymentPostprocessing = 0;
		};
/* End PBXFrameworksBuildPhase section */

/* Begin PBXGroup section */
		050AC55FAD8CA4810AB7F3CD /* Frameworks */ = {
			isa = PBXGroup;
			children = (
				4A90674582B57AA2181E988B /* Pods_Factly.framework */,
			);
			name = Frameworks;
			path = ..;
			sourceTree = "<group>";
		};
		5265BE5C1E339C570007CDCD = {
			isa = PBXGroup;
			children = (
				5265BE671E339C580007CDCD /* Factly */,
				527575A1212055D3001336B3 /* FactlyUITests */,
				5265BE661E339C580007CDCD /* Products */,
				765991B7DD42431E7427642B /* Pods */,
				A9C7BC73C92CEA5D8642B3CE /* Frameworks */,
			);
			sourceTree = "<group>";
		};
		5265BE661E339C580007CDCD /* Products */ = {
			isa = PBXGroup;
			children = (
				5265BE651E339C580007CDCD /* Factly.app */,
				527575A0212055D3001336B3 /* FactlyUITests.xctest */,
			);
			name = Products;
			sourceTree = "<group>";
		};
		5265BE671E339C580007CDCD /* Factly */ = {
			isa = PBXGroup;
			children = (
				050AC55FAD8CA4810AB7F3CD /* Frameworks */,
				5265BE7A1E33AD0B0007CDCD /* Resources */,
				5265BE7B1E33AD150007CDCD /* Utils */,
				5265BE6C1E339C580007CDCD /* Main.storyboard */,
				5265BE6F1E339C580007CDCD /* Assets.xcassets */,
				5265BE681E339C580007CDCD /* AppDelegate.swift */,
				5265BE6A1E339C580007CDCD /* Fact.swift */,
			);
			path = Factly;
			sourceTree = "<group>";
		};
		5265BE7A1E33AD0B0007CDCD /* Resources */ = {
			isa = PBXGroup;
			children = (
				5265BE821E33AEFD0007CDCD /* Fonts */,
				5265BE741E339C580007CDCD /* Info.plist */,
				5265BE711E339C580007CDCD /* LaunchScreen.storyboard */,
			);
			path = Resources;
			sourceTree = "<group>";
		};
		5265BE7B1E33AD150007CDCD /* Utils */ = {
			isa = PBXGroup;
			children = (
				5265BE7E1E33AD460007CDCD /* Constants.swift */,
				5265BE801E33AEA30007CDCD /* Extensions.swift */,
				5265BE7C1E33AD210007CDCD /* Utils.swift */,
			);
			path = Utils;
			sourceTree = "<group>";
		};
		5265BE821E33AEFD0007CDCD /* Fonts */ = {
			isa = PBXGroup;
			children = (
				5265BE831E33AF150007CDCD /* GothamProBlack.ttf */,
				5265BE841E33AF150007CDCD /* GothamProBold.ttf */,
				5265BE851E33AF150007CDCD /* GothamProMedium.ttf */,
				5265BE861E33AF150007CDCD /* GothamProRegular.ttf */,
			);
			path = Fonts;
			sourceTree = "<group>";
		};
		527575A1212055D3001336B3 /* FactlyUITests */ = {
			isa = PBXGroup;
			children = (
				527575A2212055D3001336B3 /* FactlyUITests.swift */,
				527575AD212063BA001336B3 /* SnapshotHelper.swift */,
				527575A4212055D4001336B3 /* Info.plist */,
			);
			path = FactlyUITests;
			sourceTree = "<group>";
		};
		765991B7DD42431E7427642B /* Pods */ = {
			isa = PBXGroup;
			children = (
				81CE0C0712941C3CBF54BD72 /* Pods-Factly.debug.xcconfig */,
				B0AC00D0CAFEFF75CAB3F87B /* Pods-Factly.release.xcconfig */,
			);
			name = Pods;
			sourceTree = "<group>";
		};
		A9C7BC73C92CEA5D8642B3CE /* Frameworks */ = {
			isa = PBXGroup;
			children = (
				D91BC6D52E3CFC23A0DEA4B4 /* Pods_Factly.framework */,
			);
			name = Frameworks;
			sourceTree = "<group>";
		};
/* End PBXGroup section */

/* Begin PBXNativeTarget section */
		5265BE641E339C580007CDCD /* Factly */ = {
			isa = PBXNativeTarget;
			buildConfigurationList = 5265BE771E339C580007CDCD /* Build configuration list for PBXNativeTarget "Factly" */;
			buildPhases = (
				C9FC629D2832974AE27114B5 /* [CP] Check Pods Manifest.lock */,
				5265BE611E339C580007CDCD /* Sources */,
				5265BE621E339C580007CDCD /* Frameworks */,
				5265BE631E339C580007CDCD /* Resources */,
				EE23361AD8411C25ABAE179D /* [CP] Embed Pods Frameworks */,
				6FFA408C41BDEE2EA3C24A58 /* [CP] Copy Pods Resources */,
			);
			buildRules = (
			);
			dependencies = (
			);
			name = Factly;
			productName = Factly;
			productReference = 5265BE651E339C580007CDCD /* Factly.app */;
			productType = "com.apple.product-type.application";
		};
		5275759F212055D3001336B3 /* FactlyUITests */ = {
			isa = PBXNativeTarget;
			buildConfigurationList = 527575A9212055D4001336B3 /* Build configuration list for PBXNativeTarget "FactlyUITests" */;
			buildPhases = (
				5275759C212055D3001336B3 /* Sources */,
				5275759D212055D3001336B3 /* Frameworks */,
				5275759E212055D3001336B3 /* Resources */,
			);
			buildRules = (
			);
			dependencies = (
				527575A6212055D4001336B3 /* PBXTargetDependency */,
			);
			name = FactlyUITests;
			productName = FactlyUITests;
			productReference = 527575A0212055D3001336B3 /* FactlyUITests.xctest */;
			productType = "com.apple.product-type.bundle.ui-testing";
		};
/* End PBXNativeTarget section */

/* Begin PBXProject section */
		5265BE5D1E339C570007CDCD /* Project object */ = {
			isa = PBXProject;
			attributes = {
				LastSwiftUpdateCheck = 0940;
				LastUpgradeCheck = 0820;
				ORGANIZATIONNAME = "Joey Tawadrous";
				TargetAttributes = {
					5265BE641E339C580007CDCD = {
						CreatedOnToolsVersion = 8.2;
						DevelopmentTeam = P5Z7RL76WF;
						ProvisioningStyle = Automatic;
					};
					5275759F212055D3001336B3 = {
						CreatedOnToolsVersion = 9.4;
						DevelopmentTeam = P5Z7RL76WF;
						ProvisioningStyle = Automatic;
						TestTargetID = 5265BE641E339C580007CDCD;
					};
				};
			};
			buildConfigurationList = 5265BE601E339C570007CDCD /* Build configuration list for PBXProject "Factly" */;
			compatibilityVersion = "Xcode 3.2";
			developmentRegion = English;
			hasScannedForEncodings = 0;
			knownRegions = (
				en,
				Base,
			);
			mainGroup = 5265BE5C1E339C570007CDCD;
			productRefGroup = 5265BE661E339C580007CDCD /* Products */;
			projectDirPath = "";
			projectRoot = "";
			targets = (
				5265BE641E339C580007CDCD /* Factly */,
				5275759F212055D3001336B3 /* FactlyUITests */,
			);
		};
/* End PBXProject section */

/* Begin PBXResourcesBuildPhase section */
		5265BE631E339C580007CDCD /* Resources */ = {
			isa = PBXResourcesBuildPhase;
			buildActionMask = 2147483647;
			files = (
				5265BE8C1E33AF150007CDCD /* GothamProBlack.ttf in Resources */,
				5265BE8F1E33AF150007CDCD /* GothamProRegular.ttf in Resources */,
				5265BE8D1E33AF150007CDCD /* GothamProBold.ttf in Resources */,
				5265BE731E339C580007CDCD /* LaunchScreen.storyboard in Resources */,
				5265BE701E339C580007CDCD /* Assets.xcassets in Resources */,
				5265BE6E1E339C580007CDCD /* Main.storyboard in Resources */,
				5265BE8E1E33AF150007CDCD /* GothamProMedium.ttf in Resources */,
			);
			runOnlyForDeploymentPostprocessing = 0;
		};
		5275759E212055D3001336B3 /* Resources */ = {
			isa = PBXResourcesBuildPhase;
			buildActionMask = 2147483647;
			files = (
			);
			runOnlyForDeploymentPostprocessing = 0;
		};
/* End PBXResourcesBuildPhase section */

/* Begin PBXShellScriptBuildPhase section */
		6FFA408C41BDEE2EA3C24A58 /* [CP] Copy Pods Resources */ = {
			isa = PBXShellScriptBuildPhase;
			buildActionMask = 2147483647;
			files = (
			);
			inputPaths = (
			);
			name = "[CP] Copy Pods Resources";
			outputPaths = (
			);
			runOnlyForDeploymentPostprocessing = 0;
			shellPath = /bin/sh;
			shellScript = "\"${SRCROOT}/Pods/Target Support Files/Pods-Factly/Pods-Factly-resources.sh\"\n";
			showEnvVarsInLog = 0;
		};
		C9FC629D2832974AE27114B5 /* [CP] Check Pods Manifest.lock */ = {
			isa = PBXShellScriptBuildPhase;
			buildActionMask = 2147483647;
			files = (
			);
			inputPaths = (
				"${PODS_PODFILE_DIR_PATH}/Podfile.lock",
				"${PODS_ROOT}/Manifest.lock",
			);
			name = "[CP] Check Pods Manifest.lock";
			outputPaths = (
				"$(DERIVED_FILE_DIR)/Pods-Factly-checkManifestLockResult.txt",
			);
			runOnlyForDeploymentPostprocessing = 0;
			shellPath = /bin/sh;
			shellScript = "diff \"${PODS_PODFILE_DIR_PATH}/Podfile.lock\" \"${PODS_ROOT}/Manifest.lock\" > /dev/null\nif [ $? != 0 ] ; then\n    # print error to STDERR\n    echo \"error: The sandbox is not in sync with the Podfile.lock. Run 'pod install' or update your CocoaPods installation.\" >&2\n    exit 1\nfi\n# This output is used by Xcode 'outputs' to avoid re-running this script phase.\necho \"SUCCESS\" > \"${SCRIPT_OUTPUT_FILE_0}\"\n";
			showEnvVarsInLog = 0;
		};
		EE23361AD8411C25ABAE179D /* [CP] Embed Pods Frameworks */ = {
			isa = PBXShellScriptBuildPhase;
			buildActionMask = 2147483647;
			files = (
			);
			inputPaths = (
				"${SRCROOT}/Pods/Target Support Files/Pods-Factly/Pods-Factly-frameworks.sh",
				"${BUILT_PRODUCTS_DIR}/FontAwesome.swift/FontAwesome_swift.framework",
			);
			name = "[CP] Embed Pods Frameworks";
			outputPaths = (
				"${TARGET_BUILD_DIR}/${FRAMEWORKS_FOLDER_PATH}/FontAwesome_swift.framework",
			);
			runOnlyForDeploymentPostprocessing = 0;
			shellPath = /bin/sh;
			shellScript = "\"${SRCROOT}/Pods/Target Support Files/Pods-Factly/Pods-Factly-frameworks.sh\"\n";
			showEnvVarsInLog = 0;
		};
/* End PBXShellScriptBuildPhase section */

/* Begin PBXSourcesBuildPhase section */
		5265BE611E339C580007CDCD /* Sources */ = {
			isa = PBXSourcesBuildPhase;
			buildActionMask = 2147483647;
			files = (
				5265BE811E33AEA30007CDCD /* Extensions.swift in Sources */,
				5265BE6B1E339C580007CDCD /* Fact.swift in Sources */,
				5265BE691E339C580007CDCD /* AppDelegate.swift in Sources */,
				5265BE7D1E33AD210007CDCD /* Utils.swift in Sources */,
				5265BE7F1E33AD460007CDCD /* Constants.swift in Sources */,
			);
			runOnlyForDeploymentPostprocessing = 0;
		};
		5275759C212055D3001336B3 /* Sources */ = {
			isa = PBXSourcesBuildPhase;
			buildActionMask = 2147483647;
			files = (
				527575A3212055D3001336B3 /* FactlyUITests.swift in Sources */,
				527575AE212063BB001336B3 /* SnapshotHelper.swift in Sources */,
			);
			runOnlyForDeploymentPostprocessing = 0;
		};
/* End PBXSourcesBuildPhase section */

/* Begin PBXTargetDependency section */
		527575A6212055D4001336B3 /* PBXTargetDependency */ = {
			isa = PBXTargetDependency;
			target = 5265BE641E339C580007CDCD /* Factly */;
			targetProxy = 527575A5212055D4001336B3 /* PBXContainerItemProxy */;
		};
/* End PBXTargetDependency section */

/* Begin PBXVariantGroup section */
		5265BE6C1E339C580007CDCD /* Main.storyboard */ = {
			isa = PBXVariantGroup;
			children = (
				5265BE6D1E339C580007CDCD /* Base */,
			);
			name = Main.storyboard;
			path = .;
			sourceTree = "<group>";
		};
		5265BE711E339C580007CDCD /* LaunchScreen.storyboard */ = {
			isa = PBXVariantGroup;
			children = (
				5265BE721E339C580007CDCD /* Base */,
			);
			name = LaunchScreen.storyboard;
			path = .;
			sourceTree = "<group>";
		};
/* End PBXVariantGroup section */

/* Begin XCBuildConfiguration section */
		5265BE751E339C580007CDCD /* Debug */ = {
			isa = XCBuildConfiguration;
			buildSettings = {
				ALWAYS_SEARCH_USER_PATHS = NO;
				CLANG_ANALYZER_NONNULL = YES;
				CLANG_CXX_LANGUAGE_STANDARD = "gnu++0x";
				CLANG_CXX_LIBRARY = "libc++";
				CLANG_ENABLE_MODULES = YES;
				CLANG_ENABLE_OBJC_ARC = YES;
				CLANG_WARN_BOOL_CONVERSION = YES;
				CLANG_WARN_CONSTANT_CONVERSION = YES;
				CLANG_WARN_DIRECT_OBJC_ISA_USAGE = YES_ERROR;
				CLANG_WARN_DOCUMENTATION_COMMENTS = YES;
				CLANG_WARN_EMPTY_BODY = YES;
				CLANG_WARN_ENUM_CONVERSION = YES;
				CLANG_WARN_INFINITE_RECURSION = YES;
				CLANG_WARN_INT_CONVERSION = YES;
				CLANG_WARN_OBJC_ROOT_CLASS = YES_ERROR;
				CLANG_WARN_SUSPICIOUS_MOVE = YES;
				CLANG_WARN_UNREACHABLE_CODE = YES;
				CLANG_WARN__DUPLICATE_METHOD_MATCH = YES;
				CODE_SIGN_IDENTITY = "";
				"CODE_SIGN_IDENTITY[sdk=iphoneos*]" = "iPhone Developer";
				COPY_PHASE_STRIP = NO;
				DEBUG_INFORMATION_FORMAT = "dwarf-with-dsym";
				ENABLE_STRICT_OBJC_MSGSEND = YES;
				ENABLE_TESTABILITY = YES;
				GCC_C_LANGUAGE_STANDARD = gnu99;
				GCC_DYNAMIC_NO_PIC = NO;
				GCC_NO_COMMON_BLOCKS = YES;
				GCC_OPTIMIZATION_LEVEL = 0;
				GCC_PREPROCESSOR_DEFINITIONS = (
					"DEBUG=1",
					"$(inherited)",
				);
				GCC_WARN_64_TO_32_BIT_CONVERSION = YES;
				GCC_WARN_ABOUT_RETURN_TYPE = YES_ERROR;
				GCC_WARN_UNDECLARED_SELECTOR = YES;
				GCC_WARN_UNINITIALIZED_AUTOS = YES_AGGRESSIVE;
				GCC_WARN_UNUSED_FUNCTION = YES;
				GCC_WARN_UNUSED_VARIABLE = YES;
				IPHONEOS_DEPLOYMENT_TARGET = 8.0;
				MTL_ENABLE_DEBUG_INFO = YES;
				ONLY_ACTIVE_ARCH = YES;
				SDKROOT = iphoneos;
				SWIFT_ACTIVE_COMPILATION_CONDITIONS = DEBUG;
				SWIFT_OPTIMIZATION_LEVEL = "-Onone";
				USER_HEADER_SEARCH_PATHS = "Pods/**";
			};
			name = Debug;
		};
		5265BE761E339C580007CDCD /* Release */ = {
			isa = XCBuildConfiguration;
			buildSettings = {
				ALWAYS_SEARCH_USER_PATHS = NO;
				CLANG_ANALYZER_NONNULL = YES;
				CLANG_CXX_LANGUAGE_STANDARD = "gnu++0x";
				CLANG_CXX_LIBRARY = "libc++";
				CLANG_ENABLE_MODULES = YES;
				CLANG_ENABLE_OBJC_ARC = YES;
				CLANG_WARN_BOOL_CONVERSION = YES;
				CLANG_WARN_CONSTANT_CONVERSION = YES;
				CLANG_WARN_DIRECT_OBJC_ISA_USAGE = YES_ERROR;
				CLANG_WARN_DOCUMENTATION_COMMENTS = YES;
				CLANG_WARN_EMPTY_BODY = YES;
				CLANG_WARN_ENUM_CONVERSION = YES;
				CLANG_WARN_INFINITE_RECURSION = YES;
				CLANG_WARN_INT_CONVERSION = YES;
				CLANG_WARN_OBJC_ROOT_CLASS = YES_ERROR;
				CLANG_WARN_SUSPICIOUS_MOVE = YES;
				CLANG_WARN_UNREACHABLE_CODE = YES;
				CLANG_WARN__DUPLICATE_METHOD_MATCH = YES;
				"CODE_SIGN_IDENTITY[sdk=iphoneos*]" = "iPhone Developer";
				COPY_PHASE_STRIP = NO;
				DEBUG_INFORMATION_FORMAT = "dwarf-with-dsym";
				ENABLE_NS_ASSERTIONS = NO;
				ENABLE_STRICT_OBJC_MSGSEND = YES;
				GCC_C_LANGUAGE_STANDARD = gnu99;
				GCC_NO_COMMON_BLOCKS = YES;
				GCC_WARN_64_TO_32_BIT_CONVERSION = YES;
				GCC_WARN_ABOUT_RETURN_TYPE = YES_ERROR;
				GCC_WARN_UNDECLARED_SELECTOR = YES;
				GCC_WARN_UNINITIALIZED_AUTOS = YES_AGGRESSIVE;
				GCC_WARN_UNUSED_FUNCTION = YES;
				GCC_WARN_UNUSED_VARIABLE = YES;
				IPHONEOS_DEPLOYMENT_TARGET = 8.0;
				MTL_ENABLE_DEBUG_INFO = NO;
				SDKROOT = iphoneos;
				SWIFT_OPTIMIZATION_LEVEL = "-Owholemodule";
				USER_HEADER_SEARCH_PATHS = "Pods/**";
				VALIDATE_PRODUCT = YES;
			};
			name = Release;
		};
		5265BE781E339C580007CDCD /* Debug */ = {
			isa = XCBuildConfiguration;
			baseConfigurationReference = 81CE0C0712941C3CBF54BD72 /* Pods-Factly.debug.xcconfig */;
			buildSettings = {
				ASSETCATALOG_COMPILER_APPICON_NAME = AppIcon;
				CLANG_WARN_BOOL_CONVERSION = NO;
				CLANG_WARN_CONSTANT_CONVERSION = NO;
				CLANG_WARN_DOCUMENTATION_COMMENTS = NO;
				CLANG_WARN_EMPTY_BODY = NO;
				CLANG_WARN_ENUM_CONVERSION = NO;
				CLANG_WARN_INFINITE_RECURSION = NO;
				CLANG_WARN_INT_CONVERSION = NO;
				CLANG_WARN_SUSPICIOUS_MOVE = NO;
				CLANG_WARN_UNREACHABLE_CODE = NO;
				CODE_SIGN_IDENTITY = "iPhone Developer";
				DEBUG_INFORMATION_FORMAT = "dwarf-with-dsym";
				DEVELOPMENT_TEAM = P5Z7RL76WF;
				GCC_ENABLE_BUILTIN_FUNCTIONS = NO;
				GCC_NO_COMMON_BLOCKS = NO;
				GCC_WARN_64_TO_32_BIT_CONVERSION = NO;
				GCC_WARN_ABOUT_DEPRECATED_FUNCTIONS = NO;
				GCC_WARN_ABOUT_INVALID_OFFSETOF_MACRO = NO;
				GCC_WARN_ABOUT_POINTER_SIGNEDNESS = NO;
				GCC_WARN_ABOUT_RETURN_TYPE = NO;
				GCC_WARN_ALLOW_INCOMPLETE_PROTOCOL = NO;
				GCC_WARN_CHECK_SWITCH_STATEMENTS = NO;
				GCC_WARN_TYPECHECK_CALLS_TO_PRINTF = NO;
				GCC_WARN_UNINITIALIZED_AUTOS = NO;
				GCC_WARN_UNUSED_FUNCTION = NO;
				GCC_WARN_UNUSED_VALUE = NO;
				GCC_WARN_UNUSED_VARIABLE = NO;
				IBSC_COMPILER_AUTO_ACTIVATE_CUSTOM_FONTS = NO;
				IBSC_ERRORS = YES;
				IBSC_FLATTEN_NIBS = NO;
				IBSC_NOTICES = YES;
				IBSC_WARNINGS = NO;
				INFOPLIST_FILE = Factly/Resources/Info.plist;
				IPHONEOS_DEPLOYMENT_TARGET = 9.0;
				LD_RUNPATH_SEARCH_PATHS = "$(inherited) @executable_path/Frameworks";
				PRODUCT_BUNDLE_IDENTIFIER = com.joeyt.factly;
				PRODUCT_NAME = "$(TARGET_NAME)";
				SWIFT_VERSION = 4.0;
				TARGETED_DEVICE_FAMILY = "1,2";
				USER_HEADER_SEARCH_PATHS = "Pods/**";
			};
			name = Debug;
		};
		5265BE791E339C580007CDCD /* Release */ = {
			isa = XCBuildConfiguration;
			baseConfigurationReference = B0AC00D0CAFEFF75CAB3F87B /* Pods-Factly.release.xcconfig */;
			buildSettings = {
				ASSETCATALOG_COMPILER_APPICON_NAME = AppIcon;
				CLANG_WARN_BOOL_CONVERSION = NO;
				CLANG_WARN_CONSTANT_CONVERSION = NO;
				CLANG_WARN_DOCUMENTATION_COMMENTS = NO;
				CLANG_WARN_EMPTY_BODY = NO;
				CLANG_WARN_ENUM_CONVERSION = NO;
				CLANG_WARN_INFINITE_RECURSION = NO;
				CLANG_WARN_INT_CONVERSION = NO;
				CLANG_WARN_SUSPICIOUS_MOVE = NO;
				CLANG_WARN_UNREACHABLE_CODE = NO;
				CODE_SIGN_IDENTITY = "iPhone Developer";
				DEVELOPMENT_TEAM = P5Z7RL76WF;
				GCC_ENABLE_BUILTIN_FUNCTIONS = NO;
				GCC_NO_COMMON_BLOCKS = NO;
				GCC_WARN_64_TO_32_BIT_CONVERSION = NO;
				GCC_WARN_ABOUT_DEPRECATED_FUNCTIONS = NO;
				GCC_WARN_ABOUT_INVALID_OFFSETOF_MACRO = NO;
				GCC_WARN_ABOUT_POINTER_SIGNEDNESS = NO;
				GCC_WARN_ABOUT_RETURN_TYPE = NO;
				GCC_WARN_ALLOW_INCOMPLETE_PROTOCOL = NO;
				GCC_WARN_CHECK_SWITCH_STATEMENTS = NO;
				GCC_WARN_TYPECHECK_CALLS_TO_PRINTF = NO;
				GCC_WARN_UNINITIALIZED_AUTOS = NO;
				GCC_WARN_UNUSED_FUNCTION = NO;
				GCC_WARN_UNUSED_VALUE = NO;
				GCC_WARN_UNUSED_VARIABLE = NO;
				IBSC_COMPILER_AUTO_ACTIVATE_CUSTOM_FONTS = NO;
				IBSC_ERRORS = YES;
				IBSC_FLATTEN_NIBS = NO;
				IBSC_NOTICES = YES;
				IBSC_WARNINGS = NO;
				INFOPLIST_FILE = Factly/Resources/Info.plist;
				IPHONEOS_DEPLOYMENT_TARGET = 9.0;
				LD_RUNPATH_SEARCH_PATHS = "$(inherited) @executable_path/Frameworks";
				PRODUCT_BUNDLE_IDENTIFIER = com.joeyt.factly;
				PRODUCT_NAME = "$(TARGET_NAME)";
				SWIFT_COMPILATION_MODE = singlefile;
				SWIFT_VERSION = 4.0;
				TARGETED_DEVICE_FAMILY = "1,2";
				USER_HEADER_SEARCH_PATHS = "Pods/**";
			};
			name = Release;
		};
		527575A7212055D4001336B3 /* Debug */ = {
			isa = XCBuildConfiguration;
			buildSettings = {
				CLANG_ANALYZER_NUMBER_OBJECT_CONVERSION = YES_AGGRESSIVE;
				CLANG_CXX_LANGUAGE_STANDARD = "gnu++14";
				CLANG_ENABLE_OBJC_WEAK = YES;
				CLANG_WARN_BLOCK_CAPTURE_AUTORELEASING = YES;
				CLANG_WARN_COMMA = YES;
				CLANG_WARN_DEPRECATED_OBJC_IMPLEMENTATIONS = YES;
				CLANG_WARN_NON_LITERAL_NULL_CONVERSION = YES;
				CLANG_WARN_OBJC_IMPLICIT_RETAIN_SELF = YES;
				CLANG_WARN_OBJC_LITERAL_CONVERSION = YES;
				CLANG_WARN_RANGE_LOOP_ANALYSIS = YES;
				CLANG_WARN_STRICT_PROTOTYPES = YES;
				CLANG_WARN_UNGUARDED_AVAILABILITY = YES_AGGRESSIVE;
				CODE_SIGN_IDENTITY = "iPhone Developer";
				CODE_SIGN_STYLE = Automatic;
				DEBUG_INFORMATION_FORMAT = dwarf;
				DEVELOPMENT_TEAM = P5Z7RL76WF;
				GCC_C_LANGUAGE_STANDARD = gnu11;
				INFOPLIST_FILE = FactlyUITests/Info.plist;
				IPHONEOS_DEPLOYMENT_TARGET = 11.4;
				LD_RUNPATH_SEARCH_PATHS = "$(inherited) @executable_path/Frameworks @loader_path/Frameworks";
				PRODUCT_BUNDLE_IDENTIFIER = com.joeyt.FactlyUITests;
				PRODUCT_NAME = "$(TARGET_NAME)";
				SWIFT_VERSION = 4.0;
				TARGETED_DEVICE_FAMILY = "1,2";
				TEST_TARGET_NAME = Factly;
			};
			name = Debug;
		};
		527575A8212055D4001336B3 /* Release */ = {
			isa = XCBuildConfiguration;
			buildSettings = {
				CLANG_ANALYZER_NUMBER_OBJECT_CONVERSION = YES_AGGRESSIVE;
				CLANG_CXX_LANGUAGE_STANDARD = "gnu++14";
				CLANG_ENABLE_OBJC_WEAK = YES;
				CLANG_WARN_BLOCK_CAPTURE_AUTORELEASING = YES;
				CLANG_WARN_COMMA = YES;
				CLANG_WARN_DEPRECATED_OBJC_IMPLEMENTATIONS = YES;
				CLANG_WARN_NON_LITERAL_NULL_CONVERSION = YES;
				CLANG_WARN_OBJC_IMPLICIT_RETAIN_SELF = YES;
				CLANG_WARN_OBJC_LITERAL_CONVERSION = YES;
				CLANG_WARN_RANGE_LOOP_ANALYSIS = YES;
				CLANG_WARN_STRICT_PROTOTYPES = YES;
				CLANG_WARN_UNGUARDED_AVAILABILITY = YES_AGGRESSIVE;
				CODE_SIGN_IDENTITY = "iPhone Developer";
				CODE_SIGN_STYLE = Automatic;
				DEVELOPMENT_TEAM = P5Z7RL76WF;
				GCC_C_LANGUAGE_STANDARD = gnu11;
				INFOPLIST_FILE = FactlyUITests/Info.plist;
				IPHONEOS_DEPLOYMENT_TARGET = 11.4;
				LD_RUNPATH_SEARCH_PATHS = "$(inherited) @executable_path/Frameworks @loader_path/Frameworks";
				PRODUCT_BUNDLE_IDENTIFIER = com.joeyt.FactlyUITests;
				PRODUCT_NAME = "$(TARGET_NAME)";
				SWIFT_VERSION = 4.0;
				TARGETED_DEVICE_FAMILY = "1,2";
				TEST_TARGET_NAME = Factly;
			};
			name = Release;
		};
/* End XCBuildConfiguration section */

/* Begin XCConfigurationList section */
		5265BE601E339C570007CDCD /* Build configuration list for PBXProject "Factly" */ = {
			isa = XCConfigurationList;
			buildConfigurations = (
				5265BE751E339C580007CDCD /* Debug */,
				5265BE761E339C580007CDCD /* Release */,
			);
			defaultConfigurationIsVisible = 0;
			defaultConfigurationName = Release;
		};
		5265BE771E339C580007CDCD /* Build configuration list for PBXNativeTarget "Factly" */ = {
			isa = XCConfigurationList;
			buildConfigurations = (
				5265BE781E339C580007CDCD /* Debug */,
				5265BE791E339C580007CDCD /* Release */,
			);
			defaultConfigurationIsVisible = 0;
			defaultConfigurationName = Release;
		};
		527575A9212055D4001336B3 /* Build configuration list for PBXNativeTarget "FactlyUITests" */ = {
			isa = XCConfigurationList;
			buildConfigurations = (
				527575A7212055D4001336B3 /* Debug */,
				527575A8212055D4001336B3 /* Release */,
			);
			defaultConfigurationIsVisible = 0;
			defaultConfigurationName = Release;
		};
/* End XCConfigurationList section */
	};
	rootObject = 5265BE5D1E339C570007CDCD /* Project object */;
}
